
Microsoft Visual Studio Solution File, Format Version 12.00
# Visual Studio 14
VisualStudioVersion = 14.0.22823.1
MinimumVisualStudioVersion = 10.0.40219.1
Project("{FAE04EC0-301F-11D3-BF4B-00C04F79EFBC}") = "TicTacToeXam", "TicTacToeXam\TicTacToeXam\TicTacToeXam.csproj", "{4523711E-33E5-4FDC-B666-36062BE46B58}"
EndProject
Project("{FAE04EC0-301F-11D3-BF4B-00C04F79EFBC}") = "TicTacToeXam.iOS", "TicTacToeXam\TicTacToeXam.iOS\TicTacToeXam.iOS.csproj", "{E6258B68-5677-4994-AE3B-7D5A3B300439}"
EndProject
Project("{FAE04EC0-301F-11D3-BF4B-00C04F79EFBC}") = "TicTacToeXam.Droid", "TicTacToeXam\TicTacToeXam.Droid\TicTacToeXam.Droid.csproj", "{932C65A7-A6AD-40C6-89DA-BE0F607FED1B}"
EndProject
Project("{FAE04EC0-301F-11D3-BF4B-00C04F79EFBC}") = "TicTacToeXam.WinPhone", "TicTacToeXam\TicTacToeXam.WinPhone\TicTacToeXam.WinPhone.csproj", "{942194B5-AEB3-4F67-A89F-31E077C28CFA}"
EndProject
Global
	GlobalSection(SolutionConfigurationPlatforms) = preSolution
		Ad-Hoc|Any CPU = Ad-Hoc|Any CPU
		Ad-Hoc|ARM = Ad-Hoc|ARM
		Ad-Hoc|iPhone = Ad-Hoc|iPhone
		Ad-Hoc|iPhoneSimulator = Ad-Hoc|iPhoneSimulator
		Ad-Hoc|x86 = Ad-Hoc|x86
		AppStore|Any CPU = AppStore|Any CPU
		AppStore|ARM = AppStore|ARM
		AppStore|iPhone = AppStore|iPhone
		AppStore|iPhoneSimulator = AppStore|iPhoneSimulator
		AppStore|x86 = AppStore|x86
		Debug|Any CPU = Debug|Any CPU
		Debug|ARM = Debug|ARM
		Debug|iPhone = Debug|iPhone
		Debug|iPhoneSimulator = Debug|iPhoneSimulator
		Debug|x86 = Debug|x86
		Release|Any CPU = Release|Any CPU
		Release|ARM = Release|ARM
		Release|iPhone = Release|iPhone
		Release|iPhoneSimulator = Release|iPhoneSimulator
		Release|x86 = Release|x86
	EndGlobalSection
	GlobalSection(ProjectConfigurationPlatforms) = postSolution
		{4523711E-33E5-4FDC-B666-36062BE46B58}.Ad-Hoc|Any CPU.ActiveCfg = Release|Any CPU
		{4523711E-33E5-4FDC-B666-36062BE46B58}.Ad-Hoc|Any CPU.Build.0 = Release|Any CPU
		{4523711E-33E5-4FDC-B666-36062BE46B58}.Ad-Hoc|ARM.ActiveCfg = Release|Any CPU
		{4523711E-33E5-4FDC-B666-36062BE46B58}.Ad-Hoc|ARM.Build.0 = Release|Any CPU
		{4523711E-33E5-4FDC-B666-36062BE46B58}.Ad-Hoc|iPhone.ActiveCfg = Release|Any CPU
		{4523711E-33E5-4FDC-B666-36062BE46B58}.Ad-Hoc|iPhone.Build.0 = Release|Any CPU
		{4523711E-33E5-4FDC-B666-36062BE46B58}.Ad-Hoc|iPhoneSimulator.ActiveCfg = Release|Any CPU
		{4523711E-33E5-4FDC-B666-36062BE46B58}.Ad-Hoc|iPhoneSimulator.Build.0 = Release|Any CPU
		{4523711E-33E5-4FDC-B666-36062BE46B58}.Ad-Hoc|x86.ActiveCfg = Release|Any CPU
		{4523711E-33E5-4FDC-B666-36062BE46B58}.Ad-Hoc|x86.Build.0 = Release|Any CPU
		{4523711E-33E5-4FDC-B666-36062BE46B58}.AppStore|Any CPU.ActiveCfg = Release|Any CPU
		{4523711E-33E5-4FDC-B666-36062BE46B58}.AppStore|Any CPU.Build.0 = Release|Any CPU
		{4523711E-33E5-4FDC-B666-36062BE46B58}.AppStore|ARM.ActiveCfg = Release|Any CPU
		{4523711E-33E5-4FDC-B666-36062BE46B58}.AppStore|ARM.Build.0 = Release|Any CPU
		{4523711E-33E5-4FDC-B666-36062BE46B58}.AppStore|iPhone.ActiveCfg = Release|Any CPU
		{4523711E-33E5-4FDC-B666-36062BE46B58}.AppStore|iPhone.Build.0 = Release|Any CPU
		{4523711E-33E5-4FDC-B666-36062BE46B58}.AppStore|iPhoneSimulator.ActiveCfg = Release|Any CPU
		{4523711E-33E5-4FDC-B666-36062BE46B58}.AppStore|iPhoneSimulator.Build.0 = Release|Any CPU
		{4523711E-33E5-4FDC-B666-36062BE46B58}.AppStore|x86.ActiveCfg = Release|Any CPU
		{4523711E-33E5-4FDC-B666-36062BE46B58}.AppStore|x86.Build.0 = Release|Any CPU
		{4523711E-33E5-4FDC-B666-36062BE46B58}.Debug|Any CPU.ActiveCfg = Debug|Any CPU
		{4523711E-33E5-4FDC-B666-36062BE46B58}.Debug|Any CPU.Build.0 = Debug|Any CPU
		{4523711E-33E5-4FDC-B666-36062BE46B58}.Debug|ARM.ActiveCfg = Debug|Any CPU
		{4523711E-33E5-4FDC-B666-36062BE46B58}.Debug|ARM.Build.0 = Debug|Any CPU
		{4523711E-33E5-4FDC-B666-36062BE46B58}.Debug|iPhone.ActiveCfg = Debug|Any CPU
		{4523711E-33E5-4FDC-B666-36062BE46B58}.Debug|iPhone.Build.0 = Debug|Any CPU
		{4523711E-33E5-4FDC-B666-36062BE46B58}.Debug|iPhoneSimulator.ActiveCfg = Debug|Any CPU
		{4523711E-33E5-4FDC-B666-36062BE46B58}.Debug|iPhoneSimulator.Build.0 = Debug|Any CPU
		{4523711E-33E5-4FDC-B666-36062BE46B58}.Debug|x86.ActiveCfg = Debug|Any CPU
		{4523711E-33E5-4FDC-B666-36062BE46B58}.Debug|x86.Build.0 = Debug|Any CPU
		{4523711E-33E5-4FDC-B666-36062BE46B58}.Release|Any CPU.ActiveCfg = Release|Any CPU
		{4523711E-33E5-4FDC-B666-36062BE46B58}.Release|Any CPU.Build.0 = Release|Any CPU
		{4523711E-33E5-4FDC-B666-36062BE46B58}.Release|ARM.ActiveCfg = Release|Any CPU
		{4523711E-33E5-4FDC-B666-36062BE46B58}.Release|ARM.Build.0 = Release|Any CPU
		{4523711E-33E5-4FDC-B666-36062BE46B58}.Release|iPhone.ActiveCfg = Release|Any CPU
		{4523711E-33E5-4FDC-B666-36062BE46B58}.Release|iPhone.Build.0 = Release|Any CPU
		{4523711E-33E5-4FDC-B666-36062BE46B58}.Release|iPhoneSimulator.ActiveCfg = Release|Any CPU
		{4523711E-33E5-4FDC-B666-36062BE46B58}.Release|iPhoneSimulator.Build.0 = Release|Any CPU
		{4523711E-33E5-4FDC-B666-36062BE46B58}.Release|x86.ActiveCfg = Release|Any CPU
		{4523711E-33E5-4FDC-B666-36062BE46B58}.Release|x86.Build.0 = Release|Any CPU
		{E6258B68-5677-4994-AE3B-7D5A3B300439}.Ad-Hoc|Any CPU.ActiveCfg = Ad-Hoc|iPhone
		{E6258B68-5677-4994-AE3B-7D5A3B300439}.Ad-Hoc|ARM.ActiveCfg = Ad-Hoc|iPhone
		{E6258B68-5677-4994-AE3B-7D5A3B300439}.Ad-Hoc|iPhone.ActiveCfg = Ad-Hoc|iPhone
		{E6258B68-5677-4994-AE3B-7D5A3B300439}.Ad-Hoc|iPhone.Build.0 = Ad-Hoc|iPhone
		{E6258B68-5677-4994-AE3B-7D5A3B300439}.Ad-Hoc|iPhoneSimulator.ActiveCfg = Ad-Hoc|iPhoneSimulator
		{E6258B68-5677-4994-AE3B-7D5A3B300439}.Ad-Hoc|iPhoneSimulator.Build.0 = Ad-Hoc|iPhoneSimulator
		{E6258B68-5677-4994-AE3B-7D5A3B300439}.Ad-Hoc|x86.ActiveCfg = Ad-Hoc|iPhone
		{E6258B68-5677-4994-AE3B-7D5A3B300439}.AppStore|Any CPU.ActiveCfg = AppStore|iPhone
		{E6258B68-5677-4994-AE3B-7D5A3B300439}.AppStore|ARM.ActiveCfg = AppStore|iPhone
		{E6258B68-5677-4994-AE3B-7D5A3B300439}.AppStore|iPhone.ActiveCfg = AppStore|iPhone
		{E6258B68-5677-4994-AE3B-7D5A3B300439}.AppStore|iPhone.Build.0 = AppStore|iPhone
		{E6258B68-5677-4994-AE3B-7D5A3B300439}.AppStore|iPhoneSimulator.ActiveCfg = AppStore|iPhoneSimulator
		{E6258B68-5677-4994-AE3B-7D5A3B300439}.AppStore|iPhoneSimulator.Build.0 = AppStore|iPhoneSimulator
		{E6258B68-5677-4994-AE3B-7D5A3B300439}.AppStore|x86.ActiveCfg = AppStore|iPhone
		{E6258B68-5677-4994-AE3B-7D5A3B300439}.Debug|Any CPU.ActiveCfg = Debug|iPhone
		{E6258B68-5677-4994-AE3B-7D5A3B300439}.Debug|ARM.ActiveCfg = Debug|iPhone
		{E6258B68-5677-4994-AE3B-7D5A3B300439}.Debug|iPhone.ActiveCfg = Debug|iPhone
		{E6258B68-5677-4994-AE3B-7D5A3B300439}.Debug|iPhone.Build.0 = Debug|iPhone
		{E6258B68-5677-4994-AE3B-7D5A3B300439}.Debug|iPhoneSimulator.ActiveCfg = Debug|iPhoneSimulator
		{E6258B68-5677-4994-AE3B-7D5A3B300439}.Debug|iPhoneSimulator.Build.0 = Debug|iPhoneSimulator
		{E6258B68-5677-4994-AE3B-7D5A3B300439}.Debug|x86.ActiveCfg = Debug|iPhone
		{E6258B68-5677-4994-AE3B-7D5A3B300439}.Release|Any CPU.ActiveCfg = Release|iPhone
		{E6258B68-5677-4994-AE3B-7D5A3B300439}.Release|ARM.ActiveCfg = Release|iPhone
		{E6258B68-5677-4994-AE3B-7D5A3B300439}.Release|iPhone.ActiveCfg = Release|iPhone
		{E6258B68-5677-4994-AE3B-7D5A3B300439}.Release|iPhone.Build.0 = Release|iPhone
		{E6258B68-5677-4994-AE3B-7D5A3B300439}.Release|iPhoneSimulator.ActiveCfg = Release|iPhoneSimulator
		{E6258B68-5677-4994-AE3B-7D5A3B300439}.Release|iPhoneSimulator.Build.0 = Release|iPhoneSimulator
		{E6258B68-5677-4994-AE3B-7D5A3B300439}.Release|x86.ActiveCfg = Release|iPhone
		{932C65A7-A6AD-40C6-89DA-BE0F607FED1B}.Ad-Hoc|Any CPU.ActiveCfg = Release|Any CPU
		{932C65A7-A6AD-40C6-89DA-BE0F607FED1B}.Ad-Hoc|Any CPU.Build.0 = Release|Any CPU
		{932C65A7-A6AD-40C6-89DA-BE0F607FED1B}.Ad-Hoc|Any CPU.Deploy.0 = Release|Any CPU
		{932C65A7-A6AD-40C6-89DA-BE0F607FED1B}.Ad-Hoc|ARM.ActiveCfg = Release|Any CPU
		{932C65A7-A6AD-40C6-89DA-BE0F607FED1B}.Ad-Hoc|ARM.Build.0 = Release|Any CPU
		{932C65A7-A6AD-40C6-89DA-BE0F607FED1B}.Ad-Hoc|ARM.Deploy.0 = Release|Any CPU
		{932C65A7-A6AD-40C6-89DA-BE0F607FED1B}.Ad-Hoc|iPhone.ActiveCfg = Release|Any CPU
		{932C65A7-A6AD-40C6-89DA-BE0F607FED1B}.Ad-Hoc|iPhone.Build.0 = Release|Any CPU
		{932C65A7-A6AD-40C6-89DA-BE0F607FED1B}.Ad-Hoc|iPhone.Deploy.0 = Release|Any CPU
		{932C65A7-A6AD-40C6-89DA-BE0F607FED1B}.Ad-Hoc|iPhoneSimulator.ActiveCfg = Release|Any CPU
		{932C65A7-A6AD-40C6-89DA-BE0F607FED1B}.Ad-Hoc|iPhoneSimulator.Build.0 = Release|Any CPU
		{932C65A7-A6AD-40C6-89DA-BE0F607FED1B}.Ad-Hoc|iPhoneSimulator.Deploy.0 = Release|Any CPU
		{932C65A7-A6AD-40C6-89DA-BE0F607FED1B}.Ad-Hoc|x86.ActiveCfg = Release|Any CPU
		{932C65A7-A6AD-40C6-89DA-BE0F607FED1B}.Ad-Hoc|x86.Build.0 = Release|Any CPU
		{932C65A7-A6AD-40C6-89DA-BE0F607FED1B}.Ad-Hoc|x86.Deploy.0 = Release|Any CPU
		{932C65A7-A6AD-40C6-89DA-BE0F607FED1B}.AppStore|Any CPU.ActiveCfg = Release|Any CPU
		{932C65A7-A6AD-40C6-89DA-BE0F607FED1B}.AppStore|Any CPU.Build.0 = Release|Any CPU
		{932C65A7-A6AD-40C6-89DA-BE0F607FED1B}.AppStore|Any CPU.Deploy.0 = Release|Any CPU
		{932C65A7-A6AD-40C6-89DA-BE0F607FED1B}.AppStore|ARM.ActiveCfg = Release|Any CPU
		{932C65A7-A6AD-40C6-89DA-BE0F607FED1B}.AppStore|ARM.Build.0 = Release|Any CPU
		{932C65A7-A6AD-40C6-89DA-BE0F607FED1B}.AppStore|ARM.Deploy.0 = Release|Any CPU
		{932C65A7-A6AD-40C6-89DA-BE0F607FED1B}.AppStore|iPhone.ActiveCfg = Release|Any CPU
		{932C65A7-A6AD-40C6-89DA-BE0F607FED1B}.AppStore|iPhone.Build.0 = Release|Any CPU
		{932C65A7-A6AD-40C6-89DA-BE0F607FED1B}.AppStore|iPhone.Deploy.0 = Release|Any CPU
		{932C65A7-A6AD-40C6-89DA-BE0F607FED1B}.AppStore|iPhoneSimulator.ActiveCfg = Release|Any CPU
		{932C65A7-A6AD-40C6-89DA-BE0F607FED1B}.AppStore|iPhoneSimulator.Build.0 = Release|Any CPU
		{932C65A7-A6AD-40C6-89DA-BE0F607FED1B}.AppStore|iPhoneSimulator.Deploy.0 = Release|Any CPU
		{932C65A7-A6AD-40C6-89DA-BE0F607FED1B}.AppStore|x86.ActiveCfg = Release|Any CPU
		{932C65A7-A6AD-40C6-89DA-BE0F607FED1B}.AppStore|x86.Build.0 = Release|Any CPU
		{932C65A7-A6AD-40C6-89DA-BE0F607FED1B}.AppStore|x86.Deploy.0 = Release|Any CPU
		{932C65A7-A6AD-40C6-89DA-BE0F607FED1B}.Debug|Any CPU.ActiveCfg = Debug|Any CPU
		{932C65A7-A6AD-40C6-89DA-BE0F607FED1B}.Debug|Any CPU.Build.0 = Debug|Any CPU
		{932C65A7-A6AD-40C6-89DA-BE0F607FED1B}.Debug|Any CPU.Deploy.0 = Debug|Any CPU
		{932C65A7-A6AD-40C6-89DA-BE0F607FED1B}.Debug|ARM.ActiveCfg = Debug|Any CPU
		{932C65A7-A6AD-40C6-89DA-BE0F607FED1B}.Debug|ARM.Build.0 = Debug|Any CPU
		{932C65A7-A6AD-40C6-89DA-BE0F607FED1B}.Debug|ARM.Deploy.0 = Debug|Any CPU
		{932C65A7-A6AD-40C6-89DA-BE0F607FED1B}.Debug|iPhone.ActiveCfg = Debug|Any CPU
		{932C65A7-A6AD-40C6-89DA-BE0F607FED1B}.Debug|iPhone.Build.0 = Debug|Any CPU
		{932C65A7-A6AD-40C6-89DA-BE0F607FED1B}.Debug|iPhone.Deploy.0 = Debug|Any CPU
		{932C65A7-A6AD-40C6-89DA-BE0F607FED1B}.Debug|iPhoneSimulator.ActiveCfg = Debug|Any CPU
		{932C65A7-A6AD-40C6-89DA-BE0F607FED1B}.Debug|iPhoneSimulator.Build.0 = Debug|Any CPU
		{932C65A7-A6AD-40C6-89DA-BE0F607FED1B}.Debug|iPhoneSimulator.Deploy.0 = Debug|Any CPU
		{932C65A7-A6AD-40C6-89DA-BE0F607FED1B}.Debug|x86.ActiveCfg = Debug|Any CPU
		{932C65A7-A6AD-40C6-89DA-BE0F607FED1B}.Debug|x86.Build.0 = Debug|Any CPU
		{932C65A7-A6AD-40C6-89DA-BE0F607FED1B}.Debug|x86.Deploy.0 = Debug|Any CPU
		{932C65A7-A6AD-40C6-89DA-BE0F607FED1B}.Release|Any CPU.ActiveCfg = Release|Any CPU
		{932C65A7-A6AD-40C6-89DA-BE0F607FED1B}.Release|Any CPU.Build.0 = Release|Any CPU
		{932C65A7-A6AD-40C6-89DA-BE0F607FED1B}.Release|Any CPU.Deploy.0 = Release|Any CPU
		{932C65A7-A6AD-40C6-89DA-BE0F607FED1B}.Release|ARM.ActiveCfg = Release|Any CPU
		{932C65A7-A6AD-40C6-89DA-BE0F607FED1B}.Release|ARM.Build.0 = Release|Any CPU
		{932C65A7-A6AD-40C6-89DA-BE0F607FED1B}.Release|ARM.Deploy.0 = Release|Any CPU
		{932C65A7-A6AD-40C6-89DA-BE0F607FED1B}.Release|iPhone.ActiveCfg = Release|Any CPU
		{932C65A7-A6AD-40C6-89DA-BE0F607FED1B}.Release|iPhone.Build.0 = Release|Any CPU
		{932C65A7-A6AD-40C6-89DA-BE0F607FED1B}.Release|iPhone.Deploy.0 = Release|Any CPU
		{932C65A7-A6AD-40C6-89DA-BE0F607FED1B}.Release|iPhoneSimulator.ActiveCfg = Release|Any CPU
		{932C65A7-A6AD-40C6-89DA-BE0F607FED1B}.Release|iPhoneSimulator.Build.0 = Release|Any CPU
		{932C65A7-A6AD-40C6-89DA-BE0F607FED1B}.Release|iPhoneSimulator.Deploy.0 = Release|Any CPU
		{932C65A7-A6AD-40C6-89DA-BE0F607FED1B}.Release|x86.ActiveCfg = Release|Any CPU
		{932C65A7-A6AD-40C6-89DA-BE0F607FED1B}.Release|x86.Build.0 = Release|Any CPU
		{932C65A7-A6AD-40C6-89DA-BE0F607FED1B}.Release|x86.Deploy.0 = Release|Any CPU
		{942194B5-AEB3-4F67-A89F-31E077C28CFA}.Ad-Hoc|Any CPU.ActiveCfg = Release|Any CPU
		{942194B5-AEB3-4F67-A89F-31E077C28CFA}.Ad-Hoc|Any CPU.Build.0 = Release|Any CPU
		{942194B5-AEB3-4F67-A89F-31E077C28CFA}.Ad-Hoc|Any CPU.Deploy.0 = Release|Any CPU
		{942194B5-AEB3-4F67-A89F-31E077C28CFA}.Ad-Hoc|ARM.ActiveCfg = Release|ARM
		{942194B5-AEB3-4F67-A89F-31E077C28CFA}.Ad-Hoc|ARM.Build.0 = Release|ARM
		{942194B5-AEB3-4F67-A89F-31E077C28CFA}.Ad-Hoc|ARM.Deploy.0 = Release|ARM
		{942194B5-AEB3-4F67-A89F-31E077C28CFA}.Ad-Hoc|iPhone.ActiveCfg = Release|Any CPU
		{942194B5-AEB3-4F67-A89F-31E077C28CFA}.Ad-Hoc|iPhone.Build.0 = Release|Any CPU
		{942194B5-AEB3-4F67-A89F-31E077C28CFA}.Ad-Hoc|iPhone.Deploy.0 = Release|Any CPU
		{942194B5-AEB3-4F67-A89F-31E077C28CFA}.Ad-Hoc|iPhoneSimulator.ActiveCfg = Release|Any CPU
		{942194B5-AEB3-4F67-A89F-31E077C28CFA}.Ad-Hoc|iPhoneSimulator.Build.0 = Release|Any CPU
		{942194B5-AEB3-4F67-A89F-31E077C28CFA}.Ad-Hoc|iPhoneSimulator.Deploy.0 = Release|Any CPU
		{942194B5-AEB3-4F67-A89F-31E077C28CFA}.Ad-Hoc|x86.ActiveCfg = Release|x86
		{942194B5-AEB3-4F67-A89F-31E077C28CFA}.Ad-Hoc|x86.Build.0 = Release|x86
		{942194B5-AEB3-4F67-A89F-31E077C28CFA}.Ad-Hoc|x86.Deploy.0 = Release|x86
		{942194B5-AEB3-4F67-A89F-31E077C28CFA}.AppStore|Any CPU.ActiveCfg = Release|Any CPU
		{942194B5-AEB3-4F67-A89F-31E077C28CFA}.AppStore|Any CPU.Build.0 = Release|Any CPU
		{942194B5-AEB3-4F67-A89F-31E077C28CFA}.AppStore|Any CPU.Deploy.0 = Release|Any CPU
		{942194B5-AEB3-4F67-A89F-31E077C28CFA}.AppStore|ARM.ActiveCfg = Release|ARM
		{942194B5-AEB3-4F67-A89F-31E077C28CFA}.AppStore|ARM.Build.0 = Release|ARM
		{942194B5-AEB3-4F67-A89F-31E077C28CFA}.AppStore|ARM.Deploy.0 = Release|ARM
		{942194B5-AEB3-4F67-A89F-31E077C28CFA}.AppStore|iPhone.ActiveCfg = Release|Any CPU
		{942194B5-AEB3-4F67-A89F-31E077C28CFA}.AppStore|iPhone.Build.0 = Release|Any CPU
		{942194B5-AEB3-4F67-A89F-31E077C28CFA}.AppStore|iPhone.Deploy.0 = Release|Any CPU
		{942194B5-AEB3-4F67-A89F-31E077C28CFA}.AppStore|iPhoneSimulator.ActiveCfg = Release|Any CPU
		{942194B5-AEB3-4F67-A89F-31E077C28CFA}.AppStore|iPhoneSimulator.Build.0 = Release|Any CPU
		{942194B5-AEB3-4F67-A89F-31E077C28CFA}.AppStore|iPhoneSimulator.Deploy.0 = Release|Any CPU
		{942194B5-AEB3-4F67-A89F-31E077C28CFA}.AppStore|x86.ActiveCfg = Release|x86
		{942194B5-AEB3-4F67-A89F-31E077C28CFA}.AppStore|x86.Build.0 = Release|x86
		{942194B5-AEB3-4F67-A89F-31E077C28CFA}.AppStore|x86.Deploy.0 = Release|x86
		{942194B5-AEB3-4F67-A89F-31E077C28CFA}.Debug|Any CPU.ActiveCfg = Debug|Any CPU
		{942194B5-AEB3-4F67-A89F-31E077C28CFA}.Debug|Any CPU.Build.0 = Debug|Any CPU
		{942194B5-AEB3-4F67-A89F-31E077C28CFA}.Debug|Any CPU.Deploy.0 = Debug|Any CPU
		{942194B5-AEB3-4F67-A89F-31E077C28CFA}.Debug|ARM.ActiveCfg = Debug|ARM
		{942194B5-AEB3-4F67-A89F-31E077C28CFA}.Debug|ARM.Build.0 = Debug|ARM
		{942194B5-AEB3-4F67-A89F-31E077C28CFA}.Debug|ARM.Deploy.0 = Debug|ARM
		{942194B5-AEB3-4F67-A89F-31E077C28CFA}.Debug|iPhone.ActiveCfg = Debug|Any CPU
		{942194B5-AEB3-4F67-A89F-31E077C28CFA}.Debug|iPhone.Build.0 = Debug|Any CPU
		{942194B5-AEB3-4F67-A89F-31E077C28CFA}.Debug|iPhone.Deploy.0 = Debug|Any CPU
		{942194B5-AEB3-4F67-A89F-31E077C28CFA}.Debug|iPhoneSimulator.ActiveCfg = Debug|Any CPU
		{942194B5-AEB3-4F67-A89F-31E077C28CFA}.Debug|iPhoneSimulator.Build.0 = Debug|Any CPU
		{942194B5-AEB3-4F67-A89F-31E077C28CFA}.Debug|iPhoneSimulator.Deploy.0 = Debug|Any CPU
		{942194B5-AEB3-4F67-A89F-31E077C28CFA}.Debug|x86.ActiveCfg = Debug|x86
		{942194B5-AEB3-4F67-A89F-31E077C28CFA}.Debug|x86.Build.0 = Debug|x86
		{942194B5-AEB3-4F67-A89F-31E077C28CFA}.Debug|x86.Deploy.0 = Debug|x86
		{942194B5-AEB3-4F67-A89F-31E077C28CFA}.Release|Any CPU.ActiveCfg = Release|Any CPU
		{942194B5-AEB3-4F67-A89F-31E077C28CFA}.Release|Any CPU.Build.0 = Release|Any CPU
		{942194B5-AEB3-4F67-A89F-31E077C28CFA}.Release|Any CPU.Deploy.0 = Release|Any CPU
		{942194B5-AEB3-4F67-A89F-31E077C28CFA}.Release|ARM.ActiveCfg = Release|ARM
		{942194B5-AEB3-4F67-A89F-31E077C28CFA}.Release|ARM.Build.0 = Release|ARM
		{942194B5-AEB3-4F67-A89F-31E077C28CFA}.Release|ARM.Deploy.0 = Release|ARM
		{942194B5-AEB3-4F67-A89F-31E077C28CFA}.Release|iPhone.ActiveCfg = Release|Any CPU
		{942194B5-AEB3-4F67-A89F-31E077C28CFA}.Release|iPhone.Build.0 = Release|Any CPU
		{942194B5-AEB3-4F67-A89F-31E077C28CFA}.Release|iPhone.Deploy.0 = Release|Any CPU
		{942194B5-AEB3-4F67-A89F-31E077C28CFA}.Release|iPhoneSimulator.ActiveCfg = Release|Any CPU
		{942194B5-AEB3-4F67-A89F-31E077C28CFA}.Release|iPhoneSimulator.Build.0 = Release|Any CPU
		{942194B5-AEB3-4F67-A89F-31E077C28CFA}.Release|iPhoneSimulator.Deploy.0 = Release|Any CPU
		{942194B5-AEB3-4F67-A89F-31E077C28CFA}.Release|x86.ActiveCfg = Release|x86
		{942194B5-AEB3-4F67-A89F-31E077C28CFA}.Release|x86.Build.0 = Release|x86
		{942194B5-AEB3-4F67-A89F-31E077C28CFA}.Release|x86.Deploy.0 = Release|x86
	EndGlobalSection
	GlobalSection(SolutionProperties) = preSolution
		HideSolutionNode = FALSE
	EndGlobalSection
EndGlobal
